// !$*UTF8*$!
{
	archiveVersion = 1;
	classes = {
	};
	objectVersion = 77;
	objects = {

/* Begin PBXContainerItemProxy section */
		A5AFD0302D94B5C1002897CB /* PBXContainerItemProxy */ = {
			isa = PBXContainerItemProxy;
			containerPortal = A5AFD0172D94B5C0002897CB /* Project object */;
			proxyType = 1;
			remoteGlobalIDString = A5AFD01E2D94B5C0002897CB;
			remoteInfo = Bucketlist;
		};
		A5AFD03A2D94B5C1002897CB /* PBXContainerItemProxy */ = {
			isa = PBXContainerItemProxy;
			containerPortal = A5AFD0172D94B5C0002897CB /* Project object */;
			proxyType = 1;
			remoteGlobalIDString = A5AFD01E2D94B5C0002897CB;
			remoteInfo = Bucketlist;
		};
/* End PBXContainerItemProxy section */

/* Begin PBXFileReference section */
		A5AFD01F2D94B5C0002897CB /* Bucketlist.app */ = {isa = PBXFileReference; explicitFileType = wrapper.application; includeInIndex = 0; path = Bucketlist.app; sourceTree = BUILT_PRODUCTS_DIR; };
		A5AFD02F2D94B5C1002897CB /* BucketlistTests.xctest */ = {isa = PBXFileReference; explicitFileType = wrapper.cfbundle; includeInIndex = 0; path = BucketlistTests.xctest; sourceTree = BUILT_PRODUCTS_DIR; };
		A5AFD0392D94B5C1002897CB /* BucketlistUITests.xctest */ = {isa = PBXFileReference; explicitFileType = wrapper.cfbundle; includeInIndex = 0; path = BucketlistUITests.xctest; sourceTree = BUILT_PRODUCTS_DIR; };
/* End PBXFileReference section */

/* Begin PBXFileSystemSynchronizedRootGroup section */
		A5AFD0212D94B5C0002897CB /* Bucketlist */ = {
			isa = PBXFileSystemSynchronizedRootGroup;
			path = Bucketlist;
			sourceTree = "<group>";
		};
		A5AFD0322D94B5C1002897CB /* BucketlistTests */ = {
			isa = PBXFileSystemSynchronizedRootGroup;
			path = BucketlistTests;
			sourceTree = "<group>";
		};
		A5AFD03C2D94B5C1002897CB /* BucketlistUITests */ = {
			isa = PBXFileSystemSynchronizedRootGroup;
			path = BucketlistUITests;
			sourceTree = "<group>";
		};
/* End PBXFileSystemSynchronizedRootGroup section */

/* Begin PBXFrameworksBuildPhase section */
		A5AFD01C2D94B5C0002897CB /* Frameworks */ = {
			isa = PBXFrameworksBuildPhase;
			buildActionMask = 2147483647;
			files = (
			);
			runOnlyForDeploymentPostprocessing = 0;
		};
		A5AFD02C2D94B5C1002897CB /* Frameworks */ = {
			isa = PBXFrameworksBuildPhase;
			buildActionMask = 2147483647;
			files = (
			);
			runOnlyForDeploymentPostprocessing = 0;
		};
		A5AFD0362D94B5C1002897CB /* Frameworks */ = {
			isa = PBXFrameworksBuildPhase;
			buildActionMask = 2147483647;
			files = (
			);
			runOnlyForDeploymentPostprocessing = 0;
		};
/* End PBXFrameworksBuildPhase section */

/* Begin PBXGroup section */
		A5AFD0162D94B5C0002897CB = {
			isa = PBXGroup;
			children = (
				A5AFD0212D94B5C0002897CB /* Bucketlist */,
				A5AFD0322D94B5C1002897CB /* BucketlistTests */,
				A5AFD03C2D94B5C1002897CB /* BucketlistUITests */,
				A5AFD0202D94B5C0002897CB /* Products */,
			);
			sourceTree = "<group>";
		};
		A5AFD0202D94B5C0002897CB /* Products */ = {
			isa = PBXGroup;
			children = (
				A5AFD01F2D94B5C0002897CB /* Bucketlist.app */,
				A5AFD02F2D94B5C1002897CB /* BucketlistTests.xctest */,
				A5AFD0392D94B5C1002897CB /* BucketlistUITests.xctest */,
			);
			name = Products;
			sourceTree = "<group>";
		};
/* End PBXGroup section */

/* Begin PBXNativeTarget section */
		A5AFD01E2D94B5C0002897CB /* Bucketlist */ = {
			isa = PBXNativeTarget;
			buildConfigurationList = A5AFD0432D94B5C1002897CB /* Build configuration list for PBXNativeTarget "Bucketlist" */;
			buildPhases = (
				A5AFD01B2D94B5C0002897CB /* Sources */,
				A5AFD01C2D94B5C0002897CB /* Frameworks */,
				A5AFD01D2D94B5C0002897CB /* Resources */,
			);
			buildRules = (
			);
			dependencies = (
			);
			fileSystemSynchronizedGroups = (
				A5AFD0212D94B5C0002897CB /* Bucketlist */,
			);
			name = Bucketlist;
			packageProductDependencies = (
			);
			productName = Bucketlist;
			productReference = A5AFD01F2D94B5C0002897CB /* Bucketlist.app */;
			productType = "com.apple.product-type.application";
		};
		A5AFD02E2D94B5C1002897CB /* BucketlistTests */ = {
			isa = PBXNativeTarget;
			buildConfigurationList = A5AFD0462D94B5C1002897CB /* Build configuration list for PBXNativeTarget "BucketlistTests" */;
			buildPhases = (
				A5AFD02B2D94B5C1002897CB /* Sources */,
				A5AFD02C2D94B5C1002897CB /* Frameworks */,
				A5AFD02D2D94B5C1002897CB /* Resources */,
			);
			buildRules = (
			);
			dependencies = (
				A5AFD0312D94B5C1002897CB /* PBXTargetDependency */,
			);
			fileSystemSynchronizedGroups = (
				A5AFD0322D94B5C1002897CB /* BucketlistTests */,
			);
			name = BucketlistTests;
			packageProductDependencies = (
			);
			productName = BucketlistTests;
			productReference = A5AFD02F2D94B5C1002897CB /* BucketlistTests.xctest */;
			productType = "com.apple.product-type.bundle.unit-test";
		};
		A5AFD0382D94B5C1002897CB /* BucketlistUITests */ = {
			isa = PBXNativeTarget;
			buildConfigurationList = A5AFD0492D94B5C1002897CB /* Build configuration list for PBXNativeTarget "BucketlistUITests" */;
			buildPhases = (
				A5AFD0352D94B5C1002897CB /* Sources */,
				A5AFD0362D94B5C1002897CB /* Frameworks */,
				A5AFD0372D94B5C1002897CB /* Resources */,
			);
			buildRules = (
			);
			dependencies = (
				A5AFD03B2D94B5C1002897CB /* PBXTargetDependency */,
			);
			fileSystemSynchronizedGroups = (
				A5AFD03C2D94B5C1002897CB /* BucketlistUITests */,
			);
			name = BucketlistUITests;
			packageProductDependencies = (
			);
			productName = BucketlistUITests;
			productReference = A5AFD0392D94B5C1002897CB /* BucketlistUITests.xctest */;
			productType = "com.apple.product-type.bundle.ui-testing";
		};
/* End PBXNativeTarget section */

/* Begin PBXProject section */
		A5AFD0172D94B5C0002897CB /* Project object */ = {
			isa = PBXProject;
			attributes = {
				BuildIndependentTargetsInParallel = 1;
				LastSwiftUpdateCheck = 1620;
				LastUpgradeCheck = 1620;
				TargetAttributes = {
					A5AFD01E2D94B5C0002897CB = {
						CreatedOnToolsVersion = 16.2;
					};
					A5AFD02E2D94B5C1002897CB = {
						CreatedOnToolsVersion = 16.2;
						TestTargetID = A5AFD01E2D94B5C0002897CB;
					};
					A5AFD0382D94B5C1002897CB = {
						CreatedOnToolsVersion = 16.2;
						TestTargetID = A5AFD01E2D94B5C0002897CB;
					};
				};
			};
			buildConfigurationList = A5AFD01A2D94B5C0002897CB /* Build configuration list for PBXProject "Bucketlist" */;
			developmentRegion = en;
			hasScannedForEncodings = 0;
			knownRegions = (
				en,
				Base,
			);
			mainGroup = A5AFD0162D94B5C0002897CB;
			minimizedProjectReferenceProxies = 1;
			preferredProjectObjectVersion = 77;
			productRefGroup = A5AFD0202D94B5C0002897CB /* Products */;
			projectDirPath = "";
			projectRoot = "";
			targets = (
				A5AFD01E2D94B5C0002897CB /* Bucketlist */,
				A5AFD02E2D94B5C1002897CB /* BucketlistTests */,
				A5AFD0382D94B5C1002897CB /* BucketlistUITests */,
			);
		};
/* End PBXProject section */

/* Begin PBXResourcesBuildPhase section */
		A5AFD01D2D94B5C0002897CB /* Resources */ = {
			isa = PBXResourcesBuildPhase;
			buildActionMask = 2147483647;
			files = (
			);
			runOnlyForDeploymentPostprocessing = 0;
		};
		A5AFD02D2D94B5C1002897CB /* Resources */ = {
			isa = PBXResourcesBuildPhase;
			buildActionMask = 2147483647;
			files = (
			);
			runOnlyForDeploymentPostprocessing = 0;
		};
		A5AFD0372D94B5C1002897CB /* Resources */ = {
			isa = PBXResourcesBuildPhase;
			buildActionMask = 2147483647;
			files = (
			);
			runOnlyForDeploymentPostprocessing = 0;
		};
/* End PBXResourcesBuildPhase section */

/* Begin PBXSourcesBuildPhase section */
		A5AFD01B2D94B5C0002897CB /* Sources */ = {
			isa = PBXSourcesBuildPhase;
			buildActionMask = 2147483647;
			files = (
			);
			runOnlyForDeploymentPostprocessing = 0;
		};
		A5AFD02B2D94B5C1002897CB /* Sources */ = {
			isa = PBXSourcesBuildPhase;
			buildActionMask = 2147483647;
			files = (
			);
			runOnlyForDeploymentPostprocessing = 0;
		};
		A5AFD0352D94B5C1002897CB /* Sources */ = {
			isa = PBXSourcesBuildPhase;
			buildActionMask = 2147483647;
			files = (
			);
			runOnlyForDeploymentPostprocessing = 0;
		};
/* End PBXSourcesBuildPhase section */

/* Begin PBXTargetDependency section */
		A5AFD0312D94B5C1002897CB /* PBXTargetDependency */ = {
			isa = PBXTargetDependency;
			target = A5AFD01E2D94B5C0002897CB /* Bucketlist */;
			targetProxy = A5AFD0302D94B5C1002897CB /* PBXContainerItemProxy */;
		};
		A5AFD03B2D94B5C1002897CB /* PBXTargetDependency */ = {
			isa = PBXTargetDependency;
			target = A5AFD01E2D94B5C0002897CB /* Bucketlist */;
			targetProxy = A5AFD03A2D94B5C1002897CB /* PBXContainerItemProxy */;
		};
/* End PBXTargetDependency section */

/* Begin XCBuildConfiguration section */
		A5AFD0412D94B5C1002897CB /* Debug */ = {
			isa = XCBuildConfiguration;
			buildSettings = {
				ALWAYS_SEARCH_USER_PATHS = NO;
				ASSETCATALOG_COMPILER_GENERATE_SWIFT_ASSET_SYMBOL_EXTENSIONS = YES;
				CLANG_ANALYZER_NONNULL = YES;
				CLANG_ANALYZER_NUMBER_OBJECT_CONVERSION = YES_AGGRESSIVE;
				CLANG_CXX_LANGUAGE_STANDARD = "gnu++20";
				CLANG_ENABLE_MODULES = YES;
				CLANG_ENABLE_OBJC_ARC = YES;
				CLANG_ENABLE_OBJC_WEAK = YES;
				CLANG_WARN_BLOCK_CAPTURE_AUTORELEASING = YES;
				CLANG_WARN_BOOL_CONVERSION = YES;
				CLANG_WARN_COMMA = YES;
				CLANG_WARN_CONSTANT_CONVERSION = YES;
				CLANG_WARN_DEPRECATED_OBJC_IMPLEMENTATIONS = YES;
				CLANG_WARN_DIRECT_OBJC_ISA_USAGE = YES_ERROR;
				CLANG_WARN_DOCUMENTATION_COMMENTS = YES;
				CLANG_WARN_EMPTY_BODY = YES;
				CLANG_WARN_ENUM_CONVERSION = YES;
				CLANG_WARN_INFINITE_RECURSION = YES;
				CLANG_WARN_INT_CONVERSION = YES;
				CLANG_WARN_NON_LITERAL_NULL_CONVERSION = YES;
				CLANG_WARN_OBJC_IMPLICIT_RETAIN_SELF = YES;
				CLANG_WARN_OBJC_LITERAL_CONVERSION = YES;
				CLANG_WARN_OBJC_ROOT_CLASS = YES_ERROR;
				CLANG_WARN_QUOTED_INCLUDE_IN_FRAMEWORK_HEADER = YES;
				CLANG_WARN_RANGE_LOOP_ANALYSIS = YES;
				CLANG_WARN_STRICT_PROTOTYPES = YES;
				CLANG_WARN_SUSPICIOUS_MOVE = YES;
				CLANG_WARN_UNGUARDED_AVAILABILITY = YES_AGGRESSIVE;
				CLANG_WARN_UNREACHABLE_CODE = YES;
				CLANG_WARN__DUPLICATE_METHOD_MATCH = YES;
				COPY_PHASE_STRIP = NO;
				DEBUG_INFORMATION_FORMAT = dwarf;
				ENABLE_STRICT_OBJC_MSGSEND = YES;
				ENABLE_TESTABILITY = YES;
				ENABLE_USER_SCRIPT_SANDBOXING = YES;
				GCC_C_LANGUAGE_STANDARD = gnu17;
				GCC_DYNAMIC_NO_PIC = NO;
				GCC_NO_COMMON_BLOCKS = YES;
				GCC_OPTIMIZATION_LEVEL = 0;
				GCC_PREPROCESSOR_DEFINITIONS = (
					"DEBUG=1",
					"$(inherited)",
				);
				GCC_WARN_64_TO_32_BIT_CONVERSION = YES;
				GCC_WARN_ABOUT_RETURN_TYPE = YES_ERROR;
				GCC_WARN_UNDECLARED_SELECTOR = YES;
				GCC_WARN_UNINITIALIZED_AUTOS = YES_AGGRESSIVE;
				GCC_WARN_UNUSED_FUNCTION = YES;
				GCC_WARN_UNUSED_VARIABLE = YES;
				IPHONEOS_DEPLOYMENT_TARGET = 18.2;
				LOCALIZATION_PREFERS_STRING_CATALOGS = YES;
				MTL_ENABLE_DEBUG_INFO = INCLUDE_SOURCE;
				MTL_FAST_MATH = YES;
				ONLY_ACTIVE_ARCH = YES;
				SDKROOT = iphoneos;
				SWIFT_ACTIVE_COMPILATION_CONDITIONS = "DEBUG $(inherited)";
				SWIFT_OPTIMIZATION_LEVEL = "-Onone";
			};
			name = Debug;
		};
		A5AFD0422D94B5C1002897CB /* Release */ = {
			isa = XCBuildConfiguration;
			buildSettings = {
				ALWAYS_SEARCH_USER_PATHS = NO;
				ASSETCATALOG_COMPILER_GENERATE_SWIFT_ASSET_SYMBOL_EXTENSIONS = YES;
				CLANG_ANALYZER_NONNULL = YES;
				CLANG_ANALYZER_NUMBER_OBJECT_CONVERSION = YES_AGGRESSIVE;
				CLANG_CXX_LANGUAGE_STANDARD = "gnu++20";
				CLANG_ENABLE_MODULES = YES;
				CLANG_ENABLE_OBJC_ARC = YES;
				CLANG_ENABLE_OBJC_WEAK = YES;
				CLANG_WARN_BLOCK_CAPTURE_AUTORELEASING = YES;
				CLANG_WARN_BOOL_CONVERSION = YES;
				CLANG_WARN_COMMA = YES;
				CLANG_WARN_CONSTANT_CONVERSION = YES;
				CLANG_WARN_DEPRECATED_OBJC_IMPLEMENTATIONS = YES;
				CLANG_WARN_DIRECT_OBJC_ISA_USAGE = YES_ERROR;
				CLANG_WARN_DOCUMENTATION_COMMENTS = YES;
				CLANG_WARN_EMPTY_BODY = YES;
				CLANG_WARN_ENUM_CONVERSION = YES;
				CLANG_WARN_INFINITE_RECURSION = YES;
				CLANG_WARN_INT_CONVERSION = YES;
				CLANG_WARN_NON_LITERAL_NULL_CONVERSION = YES;
				CLANG_WARN_OBJC_IMPLICIT_RETAIN_SELF = YES;
				CLANG_WARN_OBJC_LITERAL_CONVERSION = YES;
				CLANG_WARN_OBJC_ROOT_CLASS = YES_ERROR;
				CLANG_WARN_QUOTED_INCLUDE_IN_FRAMEWORK_HEADER = YES;
				CLANG_WARN_RANGE_LOOP_ANALYSIS = YES;
				CLANG_WARN_STRICT_PROTOTYPES = YES;
				CLANG_WARN_SUSPICIOUS_MOVE = YES;
				CLANG_WARN_UNGUARDED_AVAILABILITY = YES_AGGRESSIVE;
				CLANG_WARN_UNREACHABLE_CODE = YES;
				CLANG_WARN__DUPLICATE_METHOD_MATCH = YES;
				COPY_PHASE_STRIP = NO;
				DEBUG_INFORMATION_FORMAT = "dwarf-with-dsym";
				ENABLE_NS_ASSERTIONS = NO;
				ENABLE_STRICT_OBJC_MSGSEND = YES;
				ENABLE_USER_SCRIPT_SANDBOXING = YES;
				GCC_C_LANGUAGE_STANDARD = gnu17;
				GCC_NO_COMMON_BLOCKS = YES;
				GCC_WARN_64_TO_32_BIT_CONVERSION = YES;
				GCC_WARN_ABOUT_RETURN_TYPE = YES_ERROR;
				GCC_WARN_UNDECLARED_SELECTOR = YES;
				GCC_WARN_UNINITIALIZED_AUTOS = YES_AGGRESSIVE;
				GCC_WARN_UNUSED_FUNCTION = YES;
				GCC_WARN_UNUSED_VARIABLE = YES;
				IPHONEOS_DEPLOYMENT_TARGET = 18.2;
				LOCALIZATION_PREFERS_STRING_CATALOGS = YES;
				MTL_ENABLE_DEBUG_INFO = NO;
				MTL_FAST_MATH = YES;
				SDKROOT = iphoneos;
				SWIFT_COMPILATION_MODE = wholemodule;
				VALIDATE_PRODUCT = YES;
			};
			name = Release;
		};
		A5AFD0442D94B5C1002897CB /* Debug */ = {
			isa = XCBuildConfiguration;
			buildSettings = {
				ASSETCATALOG_COMPILER_APPICON_NAME = AppIcon;
				ASSETCATALOG_COMPILER_GLOBAL_ACCENT_COLOR_NAME = AccentColor;
				CODE_SIGN_STYLE = Automatic;
				CURRENT_PROJECT_VERSION = 1;
				DEVELOPMENT_ASSET_PATHS = "\"Bucketlist/Preview Content\"";
				ENABLE_PREVIEWS = YES;
				GENERATE_INFOPLIST_FILE = YES;
				INFOPLIST_KEY_UIApplicationSceneManifest_Generation = YES;
				INFOPLIST_KEY_UIApplicationSupportsIndirectInputEvents = YES;
				INFOPLIST_KEY_UILaunchScreen_Generation = YES;
				INFOPLIST_KEY_UISupportedInterfaceOrientations_iPad = "UIInterfaceOrientationPortrait UIInterfaceOrientationPortraitUpsideDown UIInterfaceOrientationLandscapeLeft UIInterfaceOrientationLandscapeRight";
				INFOPLIST_KEY_UISupportedInterfaceOrientations_iPhone = "UIInterfaceOrientationPortrait UIInterfaceOrientationLandscapeLeft UIInterfaceOrientationLandscapeRight";
				LD_RUNPATH_SEARCH_PATHS = (
					"$(inherited)",
					"@executable_path/Frameworks",
				);
				MARKETING_VERSION = 1.0;
				PRODUCT_BUNDLE_IDENTIFIER = com.rishalbazim.Bucketlist;
				PRODUCT_NAME = "$(TARGET_NAME)";
				SWIFT_EMIT_LOC_STRINGS = YES;
				SWIFT_VERSION = 5.0;
				TARGETED_DEVICE_FAMILY = "1,2";
			};
			name = Debug;
		};
		A5AFD0452D94B5C1002897CB /* Release */ = {
			isa = XCBuildConfiguration;
			buildSettings = {
				ASSETCATALOG_COMPILER_APPICON_NAME = AppIcon;
				ASSETCATALOG_COMPILER_GLOBAL_ACCENT_COLOR_NAME = AccentColor;
				CODE_SIGN_STYLE = Automatic;
				CURRENT_PROJECT_VERSION = 1;
				DEVELOPMENT_ASSET_PATHS = "\"Bucketlist/Preview Content\"";
				ENABLE_PREVIEWS = YES;
				GENERATE_INFOPLIST_FILE = YES;
				INFOPLIST_KEY_UIApplicationSceneManifest_Generation = YES;
				INFOPLIST_KEY_UIApplicationSupportsIndirectInputEvents = YES;
				INFOPLIST_KEY_UILaunchScreen_Generation = YES;
				INFOPLIST_KEY_UISupportedInterfaceOrientations_iPad = "UIInterfaceOrientationPortrait UIInterfaceOrientationPortraitUpsideDown UIInterfaceOrientationLandscapeLeft UIInterfaceOrientationLandscapeRight";
				INFOPLIST_KEY_UISupportedInterfaceOrientations_iPhone = "UIInterfaceOrientationPortrait UIInterfaceOrientationLandscapeLeft UIInterfaceOrientationLandscapeRight";
				LD_RUNPATH_SEARCH_PATHS = (
					"$(inherited)",
					"@executable_path/Frameworks",
				);
				MARKETING_VERSION = 1.0;
				PRODUCT_BUNDLE_IDENTIFIER = com.rishalbazim.Bucketlist;
				PRODUCT_NAME = "$(TARGET_NAME)";
				SWIFT_EMIT_LOC_STRINGS = YES;
				SWIFT_VERSION = 5.0;
				TARGETED_DEVICE_FAMILY = "1,2";
			};
			name = Release;
		};
		A5AFD0472D94B5C1002897CB /* Debug */ = {
			isa = XCBuildConfiguration;
			buildSettings = {
				BUNDLE_LOADER = "$(TEST_HOST)";
				CODE_SIGN_STYLE = Automatic;
				CURRENT_PROJECT_VERSION = 1;
				GENERATE_INFOPLIST_FILE = YES;
				IPHONEOS_DEPLOYMENT_TARGET = 18.2;
				MARKETING_VERSION = 1.0;
				PRODUCT_BUNDLE_IDENTIFIER = com.rishalbazim.BucketlistTests;
				PRODUCT_NAME = "$(TARGET_NAME)";
				SWIFT_EMIT_LOC_STRINGS = NO;
				SWIFT_VERSION = 5.0;
				TARGETED_DEVICE_FAMILY = "1,2";
				TEST_HOST = "$(BUILT_PRODUCTS_DIR)/Bucketlist.app/$(BUNDLE_EXECUTABLE_FOLDER_PATH)/Bucketlist";
			};
			name = Debug;
		};
		A5AFD0482D94B5C1002897CB /* Release */ = {
			isa = XCBuildConfiguration;
			buildSettings = {
				BUNDLE_LOADER = "$(TEST_HOST)";
				CODE_SIGN_STYLE = Automatic;
				CURRENT_PROJECT_VERSION = 1;
				GENERATE_INFOPLIST_FILE = YES;
				IPHONEOS_DEPLOYMENT_TARGET = 18.2;
				MARKETING_VERSION = 1.0;
				PRODUCT_BUNDLE_IDENTIFIER = com.rishalbazim.BucketlistTests;
				PRODUCT_NAME = "$(TARGET_NAME)";
				SWIFT_EMIT_LOC_STRINGS = NO;
				SWIFT_VERSION = 5.0;
				TARGETED_DEVICE_FAMILY = "1,2";
				TEST_HOST = "$(BUILT_PRODUCTS_DIR)/Bucketlist.app/$(BUNDLE_EXECUTABLE_FOLDER_PATH)/Bucketlist";
			};
			name = Release;
		};
		A5AFD04A2D94B5C1002897CB /* Debug */ = {
			isa = XCBuildConfiguration;
			buildSettings = {
				CODE_SIGN_STYLE = Automatic;
				CURRENT_PROJECT_VERSION = 1;
				GENERATE_INFOPLIST_FILE = YES;
				MARKETING_VERSION = 1.0;
				PRODUCT_BUNDLE_IDENTIFIER = com.rishalbazim.BucketlistUITests;
				PRODUCT_NAME = "$(TARGET_NAME)";
				SWIFT_EMIT_LOC_STRINGS = NO;
				SWIFT_VERSION = 5.0;
				TARGETED_DEVICE_FAMILY = "1,2";
				TEST_TARGET_NAME = Bucketlist;
			};
			name = Debug;
		};
		A5AFD04B2D94B5C1002897CB /* Release */ = {
			isa = XCBuildConfiguration;
			buildSettings = {
				CODE_SIGN_STYLE = Automatic;
				CURRENT_PROJECT_VERSION = 1;
				GENERATE_INFOPLIST_FILE = YES;
				MARKETING_VERSION = 1.0;
				PRODUCT_BUNDLE_IDENTIFIER = com.rishalbazim.BucketlistUITests;
				PRODUCT_NAME = "$(TARGET_NAME)";
				SWIFT_EMIT_LOC_STRINGS = NO;
				SWIFT_VERSION = 5.0;
				TARGETED_DEVICE_FAMILY = "1,2";
				TEST_TARGET_NAME = Bucketlist;
			};
			name = Release;
		};
/* End XCBuildConfiguration section */

/* Begin XCConfigurationList section */
		A5AFD01A2D94B5C0002897CB /* Build configuration list for PBXProject "Bucketlist" */ = {
			isa = XCConfigurationList;
			buildConfigurations = (
				A5AFD0412D94B5C1002897CB /* Debug */,
				A5AFD0422D94B5C1002897CB /* Release */,
			);
			defaultConfigurationIsVisible = 0;
			defaultConfigurationName = Release;
		};
		A5AFD0432D94B5C1002897CB /* Build configuration list for PBXNativeTarget "Bucketlist" */ = {
			isa = XCConfigurationList;
			buildConfigurations = (
				A5AFD0442D94B5C1002897CB /* Debug */,
				A5AFD0452D94B5C1002897CB /* Release */,
			);
			defaultConfigurationIsVisible = 0;
			defaultConfigurationName = Release;
		};
		A5AFD0462D94B5C1002897CB /* Build configuration list for PBXNativeTarget "BucketlistTests" */ = {
			isa = XCConfigurationList;
			buildConfigurations = (
				A5AFD0472D94B5C1002897CB /* Debug */,
				A5AFD0482D94B5C1002897CB /* Release */,
			);
			defaultConfigurationIsVisible = 0;
			defaultConfigurationName = Release;
		};
		A5AFD0492D94B5C1002897CB /* Build configuration list for PBXNativeTarget "BucketlistUITests" */ = {
			isa = XCConfigurationList;
			buildConfigurations = (
				A5AFD04A2D94B5C1002897CB /* Debug */,
				A5AFD04B2D94B5C1002897CB /* Release */,
			);
			defaultConfigurationIsVisible = 0;
			defaultConfigurationName = Release;
		};
/* End XCConfigurationList section */
	};
	rootObject = A5AFD0172D94B5C0002897CB /* Project object */;
}
